
Microsoft Visual Studio Solution File, Format Version 12.00
# Visual Studio 15
VisualStudioVersion = 15.0.28307.539
MinimumVisualStudioVersion = 10.0.40219.1
Project("{FAE04EC0-301F-11D3-BF4B-00C04F79EFBC}") = "LINQUniversityManagerProject", "LINQUniversityManagerProject\LINQUniversityManagerProject.csproj", "{E081A538-0D5D-47F8-BA36-71A527EDE31A}"
EndProject
Global
	GlobalSection(SolutionConfigurationPlatforms) = preSolution
		Debug|Any CPU = Debug|Any CPU
		Release|Any CPU = Release|Any CPU
	EndGlobalSection
	GlobalSection(ProjectConfigurationPlatforms) = postSolution
		{E081A538-0D5D-47F8-BA36-71A527EDE31A}.Debug|Any CPU.ActiveCfg = Debug|Any CPU
		{E081A538-0D5D-47F8-BA36-71A527EDE31A}.Debug|Any CPU.Build.0 = Debug|Any CPU
		{E081A538-0D5D-47F8-BA36-71A527EDE31A}.Release|Any CPU.ActiveCfg = Release|Any CPU
		{E081A538-0D5D-47F8-BA36-71A527EDE31A}.Release|Any CPU.Build.0 = Release|Any CPU
	EndGlobalSection
	GlobalSection(SolutionProperties) = preSolution
		HideSolutionNode = FALSE
	EndGlobalSection
	GlobalSection(ExtensibilityGlobals) = postSolution
		SolutionGuid = {86EC4B8E-AAFC-484A-ABEA-E8782EE38DF1}
	EndGlobalSection
EndGlobal
